
Microsoft Visual Studio Solution File, Format Version 12.00
# Visual Studio Version 16
VisualStudioVersion = 25.0.1705.4
MinimumVisualStudioVersion = 10.0.40219.1
Project("{FAE04EC0-301F-11D3-BF4B-00C04F79EFBC}") = "ApiTest", "ApiTest\ApiTest.csproj", "{16B10512-BD08-441F-854F-B2323E75FBDC}"
EndProject
Global
	GlobalSection(SolutionConfigurationPlatforms) = preSolution
		Debug|Any CPU = Debug|Any CPU
		Release|Any CPU = Release|Any CPU
	EndGlobalSection
	GlobalSection(ProjectConfigurationPlatforms) = postSolution
		{16B10512-BD08-441F-854F-B2323E75FBDC}.Debug|Any CPU.ActiveCfg = Debug|Any CPU
		{16B10512-BD08-441F-854F-B2323E75FBDC}.Debug|Any CPU.Build.0 = Debug|Any CPU
		{16B10512-BD08-441F-854F-B2323E75FBDC}.Release|Any CPU.ActiveCfg = Release|Any CPU
		{16B10512-BD08-441F-854F-B2323E75FBDC}.Release|Any CPU.Build.0 = Release|Any CPU
	EndGlobalSection
	GlobalSection(SolutionProperties) = preSolution
		HideSolutionNode = FALSE
	EndGlobalSection
	GlobalSection(ExtensibilityGlobals) = postSolution
		SolutionGuid = {CB1C1E62-E839-429D-8578-7A31FE1F5EE8}
	EndGlobalSection
EndGlobal
